packages:
- git: https://github.com/dbt-labs/dbt-audit-helper.git
  name: audit_helper
  revision: |
    014af559efd9dd1fa6551cb348fcc6d4def9a1e7
  __unrendered__: {}
- package: godatadriven/dbt_date
  name: dbt_date
  version: 0.10.0
- package: dbt-labs/dbt_utils
  name: dbt_utils
  version: 1.3.1
sha1_hash: 836f8459b17fefc4f08aad020e38710930a8e2f9
