packages:
  - name: dbt_utils
    package: dbt-labs/dbt_utils
    version: 0.9.6
  - name: dbt_date
    package: godatadriven/dbt_date
    version: 0.10.0
  - git: https://github.com/dbt-labs/dbt-audit-helper.git
    name: audit_helper
    revision: 014af559efd9dd1fa6551cb348fcc6d4def9a1e7
sha1_hash: 4dc111e3e9c14bef85e27badd3774bceb4030b61
